
Microsoft Visual Studio Solution File, Format Version 12.00
# Visual Studio 15
VisualStudioVersion = 15.0.27703.2042
MinimumVisualStudioVersion = 10.0.40219.1
Project("{FAE04EC0-301F-11D3-BF4B-00C04F79EFBC}") = "CsillagaszGridview", "VendégGridview\CsillagaszGridview.csproj", "{27D419FB-2682-4CC5-A5CB-30A4623B8F51}"
EndProject
Project("{FAE04EC0-301F-11D3-BF4B-00C04F79EFBC}") = "CsillagaszGridviewTests", "CsillagaszGridviewTests\CsillagaszGridviewTests.csproj", "{848A9619-C029-4671-8186-386010347676}"
EndProject
Global
	GlobalSection(SolutionConfigurationPlatforms) = preSolution
		Debug|Any CPU = Debug|Any CPU
		Release|Any CPU = Release|Any CPU
	EndGlobalSection
	GlobalSection(ProjectConfigurationPlatforms) = postSolution
		{27D419FB-2682-4CC5-A5CB-30A4623B8F51}.Debug|Any CPU.ActiveCfg = Debug|Any CPU
		{27D419FB-2682-4CC5-A5CB-30A4623B8F51}.Debug|Any CPU.Build.0 = Debug|Any CPU
		{27D419FB-2682-4CC5-A5CB-30A4623B8F51}.Release|Any CPU.ActiveCfg = Release|Any CPU
		{27D419FB-2682-4CC5-A5CB-30A4623B8F51}.Release|Any CPU.Build.0 = Release|Any CPU
		{848A9619-C029-4671-8186-386010347676}.Debug|Any CPU.ActiveCfg = Debug|Any CPU
		{848A9619-C029-4671-8186-386010347676}.Debug|Any CPU.Build.0 = Debug|Any CPU
		{848A9619-C029-4671-8186-386010347676}.Release|Any CPU.ActiveCfg = Release|Any CPU
		{848A9619-C029-4671-8186-386010347676}.Release|Any CPU.Build.0 = Release|Any CPU
	EndGlobalSection
	GlobalSection(SolutionProperties) = preSolution
		HideSolutionNode = FALSE
	EndGlobalSection
	GlobalSection(ExtensibilityGlobals) = postSolution
		SolutionGuid = {EBFB5C85-7EF3-4B36-8EB8-88046E2E7D1F}
	EndGlobalSection
EndGlobal
